
Microsoft Visual Studio Solution File, Format Version 12.00
# Visual Studio 15
VisualStudioVersion = 15.0.28307.572
MinimumVisualStudioVersion = 10.0.40219.1
Project("{FAE04EC0-301F-11D3-BF4B-00C04F79EFBC}") = "Html5", "Html5\Html5.csproj", "{787C89C1-C337-4FFC-A799-1761565F58E5}"
EndProject
Project("{FAE04EC0-301F-11D3-BF4B-00C04F79EFBC}") = "CSS3", "CSS3\CSS3.csproj", "{B6CB40F2-1B7C-426A-9F48-761B6BC84F15}"
EndProject
Global
	GlobalSection(SolutionConfigurationPlatforms) = preSolution
		Debug|Any CPU = Debug|Any CPU
		Release|Any CPU = Release|Any CPU
	EndGlobalSection
	GlobalSection(ProjectConfigurationPlatforms) = postSolution
		{787C89C1-C337-4FFC-A799-1761565F58E5}.Debug|Any CPU.ActiveCfg = Debug|Any CPU
		{787C89C1-C337-4FFC-A799-1761565F58E5}.Debug|Any CPU.Build.0 = Debug|Any CPU
		{787C89C1-C337-4FFC-A799-1761565F58E5}.Release|Any CPU.ActiveCfg = Release|Any CPU
		{787C89C1-C337-4FFC-A799-1761565F58E5}.Release|Any CPU.Build.0 = Release|Any CPU
		{B6CB40F2-1B7C-426A-9F48-761B6BC84F15}.Debug|Any CPU.ActiveCfg = Debug|Any CPU
		{B6CB40F2-1B7C-426A-9F48-761B6BC84F15}.Debug|Any CPU.Build.0 = Debug|Any CPU
		{B6CB40F2-1B7C-426A-9F48-761B6BC84F15}.Release|Any CPU.ActiveCfg = Release|Any CPU
		{B6CB40F2-1B7C-426A-9F48-761B6BC84F15}.Release|Any CPU.Build.0 = Release|Any CPU
	EndGlobalSection
	GlobalSection(SolutionProperties) = preSolution
		HideSolutionNode = FALSE
	EndGlobalSection
	GlobalSection(ExtensibilityGlobals) = postSolution
		SolutionGuid = {48F89F4C-BC26-41E7-A181-AEBF88983714}
	EndGlobalSection
EndGlobal
